
Microsoft Visual Studio Solution File, Format Version 10.00
# Visual Studio 2008
Project("{8BC9CEB8-8B4A-11D0-8D11-00A0C91BC942}") = "pcina", "pcina.vcproj", "{033AAFA4-1BB1-49C4-A1C1-F4B1300C673C}"
EndProject
Global
	GlobalSection(SolutionConfigurationPlatforms) = preSolution
		Debug|Win32 = Debug|Win32
		Release|Win32 = Release|Win32
	EndGlobalSection
	GlobalSection(ProjectConfigurationPlatforms) = postSolution
		{033AAFA4-1BB1-49C4-A1C1-F4B1300C673C}.Debug|Win32.ActiveCfg = Debug|Win32
		{033AAFA4-1BB1-49C4-A1C1-F4B1300C673C}.Debug|Win32.Build.0 = Debug|Win32
		{033AAFA4-1BB1-49C4-A1C1-F4B1300C673C}.Release|Win32.ActiveCfg = Release|Win32
		{033AAFA4-1BB1-49C4-A1C1-F4B1300C673C}.Release|Win32.Build.0 = Release|Win32
	EndGlobalSection
	GlobalSection(SolutionProperties) = preSolution
		HideSolutionNode = FALSE
	EndGlobalSection
EndGlobal
